lockfileVersion: '9.0'

settings:
  autoInstallPeers: true
  excludeLinksFromLockfile: false

importers:

  .:
    devDependencies:
      '@biomejs/biome':
        specifier: ^1.9.0
        version: 1.9.4
      turbo:
        specifier: ^2.3.0
        version: 2.9.7

  packages/api-client:
    devDependencies:
      '@anynote/tsconfig':
        specifier: workspace:*
        version: link:../tsconfig
      typescript:
        specifier: ^5.6.3
        version: 5.9.3

  packages/tsconfig: {}

packages:

  '@biomejs/biome@1.9.4':
    resolution: {integrity: sha512-1rkd7G70+o9KkTn5KLmDYXihGoTaIGO9PIIN2ZB7UJxFrWw04CZHPYiMRjYsaDvVV7hP1dYNRLxSANLaBFGpog==}
    engines: {node: '>=14.21.3'}
    hasBin: true

  '@biomejs/cli-darwin-arm64@1.9.4':
    resolution: {integrity: sha512-bFBsPWrNvkdKrNCYeAp+xo2HecOGPAy9WyNyB/jKnnedgzl4W4Hb9ZMzYNbf8dMCGmUdSavlYHiR01QaYR58cw==}
    engines: {node: '>=14.21.3'}
    cpu: [arm64]
    os: [darwin]

  '@biomejs/cli-darwin-x64@1.9.4':
    resolution: {integrity: sha512-ngYBh/+bEedqkSevPVhLP4QfVPCpb+4BBe2p7Xs32dBgs7rh9nY2AIYUL6BgLw1JVXV8GlpKmb/hNiuIxfPfZg==}
    engines: {node: '>=14.21.3'}
    cpu: [x64]
    os: [darwin]

  '@biomejs/cli-linux-arm64-musl@1.9.4':
    resolution: {integrity: sha512-v665Ct9WCRjGa8+kTr0CzApU0+XXtRgwmzIf1SeKSGAv+2scAlW6JR5PMFo6FzqqZ64Po79cKODKf3/AAmECqA==}
    engines: {node: '>=14.21.3'}
    cpu: [arm64]
    os: [linux]

  '@biomejs/cli-linux-arm64@1.9.4':
    resolution: {integrity: sha512-fJIW0+LYujdjUgJJuwesP4EjIBl/N/TcOX3IvIHJQNsAqvV2CHIogsmA94BPG6jZATS4Hi+xv4SkBBQSt1N4/g==}
    engines: {node: '>=14.21.3'}
    cpu: [arm64]
    os: [linux]

  '@biomejs/cli-linux-x64-musl@1.9.4':
    resolution: {integrity: sha512-gEhi/jSBhZ2m6wjV530Yy8+fNqG8PAinM3oV7CyO+6c3CEh16Eizm21uHVsyVBEB6RIM8JHIl6AGYCv6Q6Q9Tg==}
    engines: {node: '>=14.21.3'}
    cpu: [x64]
    os: [linux]

  '@biomejs/cli-linux-x64@1.9.4':
    resolution: {integrity: sha512-lRCJv/Vi3Vlwmbd6K+oQ0KhLHMAysN8lXoCI7XeHlxaajk06u7G+UsFSO01NAs5iYuWKmVZjmiOzJ0OJmGsMwg==}
    engines: {node: '>=14.21.3'}
    cpu: [x64]
    os: [linux]

  '@biomejs/cli-win32-arm64@1.9.4':
    resolution: {integrity: sha512-tlbhLk+WXZmgwoIKwHIHEBZUwxml7bRJgk0X2sPyNR3S93cdRq6XulAZRQJ17FYGGzWne0fgrXBKpl7l4M87Hg==}
    engines: {node: '>=14.21.3'}
    cpu: [arm64]
    os: [win32]

  '@biomejs/cli-win32-x64@1.9.4':
    resolution: {integrity: sha512-8Y5wMhVIPaWe6jw2H+KlEm4wP/f7EW3810ZLmDlrEEy5KvBsb9ECEfu/kMWD484ijfQ8+nIi0giMgu9g1UAuuA==}
    engines: {node: '>=14.21.3'}
    cpu: [x64]
    os: [win32]

  '@turbo/darwin-64@2.9.7':
    resolution: {integrity: sha512-wnvOWuVWJ5EUHNKxExEWiGlTeVpLG1L0PCu5MUozyC1P2SHGiWsmpW6/yAuShH91Fa2TAHOvdCRBzriZh4j4Eg==}
    cpu: [x64]
    os: [darwin]

  '@turbo/darwin-arm64@2.9.7':
    resolution: {integrity: sha512-mA0FIPMwwN3lodDkQYaGxj6PeT7ZaN5aCEbkKn/WB+ZB9yJdVWA4J83GH7t43jqDc5dcnVluVN5UFx3plRiXhA==}
    cpu: [arm64]
    os: [darwin]

  '@turbo/linux-64@2.9.7':
    resolution: {integrity: sha512-fEbUYpgb5l7P+q+5tsWF2gw+/GSjUsuUTcnfm+f0lozUjgcjLKyOat6PgtAChmIFcTPchCL/8rJ3TvkBy01gfA==}
    cpu: [x64]
    os: [linux]

  '@turbo/linux-arm64@2.9.7':
    resolution: {integrity: sha512-VkUjulo9ytfHKUHOS5gy0XPoh4CTKPXWCL8nLdrlHVi9fSut31ECeUqnm/dAbETP5D4xo9mH9XkJ+qMzGe/zmg==}
    cpu: [arm64]
    os: [linux]

  '@turbo/windows-64@2.9.7':
    resolution: {integrity: sha512-/GWdY6/x4aIHqkYJq596Rpdk1x0MkpRPkJcLAoB3yGRwyUms0+u2F1GnV54IbyAZTeKLRWSJKzNC+QwVGdYchA==}
    cpu: [x64]
    os: [win32]

  '@turbo/windows-arm64@2.9.7':
    resolution: {integrity: sha512-xBBgxCC5PK2+WZ1PPRZdp+aJ0bMBcEbweXWux3RUHJvX9ZodcoQySkrW6qt+ahb+uk8ZjyQodLfDwtVSoYds1w==}
    cpu: [arm64]
    os: [win32]

  turbo@2.9.7:
    resolution: {integrity: sha512-epxzqVO2s0IxcSWcgb+qKrtco8isfe7g3VtiS6hkYnEK4A9XQDZbrtavQ6MtWR1KoQn+1fUomaQth2rfRHlUlg==}
    hasBin: true

  typescript@5.9.3:
    resolution: {integrity: sha512-jl1vZzPDinLr9eUt3J/t7V6FgNEw9QjvBPdysz9KfQDD41fQrC2Y4vKQdiaUpFT4bXlb1RHhLpp8wtm6M5TgSw==}
    engines: {node: '>=14.17'}
    hasBin: true

snapshots:

  '@biomejs/biome@1.9.4':
    optionalDependencies:
      '@biomejs/cli-darwin-arm64': 1.9.4
      '@biomejs/cli-darwin-x64': 1.9.4
      '@biomejs/cli-linux-arm64': 1.9.4
      '@biomejs/cli-linux-arm64-musl': 1.9.4
      '@biomejs/cli-linux-x64': 1.9.4
      '@biomejs/cli-linux-x64-musl': 1.9.4
      '@biomejs/cli-win32-arm64': 1.9.4
      '@biomejs/cli-win32-x64': 1.9.4

  '@biomejs/cli-darwin-arm64@1.9.4':
    optional: true

  '@biomejs/cli-darwin-x64@1.9.4':
    optional: true

  '@biomejs/cli-linux-arm64-musl@1.9.4':
    optional: true

  '@biomejs/cli-linux-arm64@1.9.4':
    optional: true

  '@biomejs/cli-linux-x64-musl@1.9.4':
    optional: true

  '@biomejs/cli-linux-x64@1.9.4':
    optional: true

  '@biomejs/cli-win32-arm64@1.9.4':
    optional: true

  '@biomejs/cli-win32-x64@1.9.4':
    optional: true

  '@turbo/darwin-64@2.9.7':
    optional: true

  '@turbo/darwin-arm64@2.9.7':
    optional: true

  '@turbo/linux-64@2.9.7':
    optional: true

  '@turbo/linux-arm64@2.9.7':
    optional: true

  '@turbo/windows-64@2.9.7':
    optional: true

  '@turbo/windows-arm64@2.9.7':
    optional: true

  turbo@2.9.7:
    optionalDependencies:
      '@turbo/darwin-64': 2.9.7
      '@turbo/darwin-arm64': 2.9.7
      '@turbo/linux-64': 2.9.7
      '@turbo/linux-arm64': 2.9.7
      '@turbo/windows-64': 2.9.7
      '@turbo/windows-arm64': 2.9.7

  typescript@5.9.3: {}
